
Microsoft Visual Studio Solution File, Format Version 12.00
# Visual Studio Version 17
VisualStudioVersion = 17.13.35806.99 d17.13
MinimumVisualStudioVersion = 10.0.40219.1
Project("{FAE04EC0-301F-11D3-BF4B-00C04F79EFBC}") = "CIS411Project", "CIS411Project\CIS411Project.csproj", "{819D37ED-321E-41C1-8DE5-0D18A1342A05}"
EndProject
Global
	GlobalSection(SolutionConfigurationPlatforms) = preSolution
		Debug|Any CPU = Debug|Any CPU
		Release|Any CPU = Release|Any CPU
	EndGlobalSection
	GlobalSection(ProjectConfigurationPlatforms) = postSolution
		{819D37ED-321E-41C1-8DE5-0D18A1342A05}.Debug|Any CPU.ActiveCfg = Debug|Any CPU
		{819D37ED-321E-41C1-8DE5-0D18A1342A05}.Debug|Any CPU.Build.0 = Debug|Any CPU
		{819D37ED-321E-41C1-8DE5-0D18A1342A05}.Release|Any CPU.ActiveCfg = Release|Any CPU
		{819D37ED-321E-41C1-8DE5-0D18A1342A05}.Release|Any CPU.Build.0 = Release|Any CPU
	EndGlobalSection
	GlobalSection(SolutionProperties) = preSolution
		HideSolutionNode = FALSE
	EndGlobalSection
	GlobalSection(ExtensibilityGlobals) = postSolution
		SolutionGuid = {C95D64C5-BE03-410B-B78B-08B4E370E411}
	EndGlobalSection
EndGlobal
